<?xml version="1.0" encoding="utf-8"?>
<Project ToolsVersion="4.0" xmlns="http://schemas.microsoft.com/developer/msbuild/2003">
  <ItemGroup>
    <Filter Include="include">
      <UniqueIdentifier>{4068885f-f2ad-4b0d-b770-7eea2c117255}</UniqueIdentifier>
    </Filter>
    <Filter Include="test">
      <UniqueIdentifier>{5fe61e0f-23d6-4b2f-abe8-3189c3178cd3}</UniqueIdentifier>
    </Filter>
    <Filter Include="src">
      <UniqueIdentifier>{428cee08-71ee-4eb2-a190-3a4b93f61ef5}</UniqueIdentifier>
    </Filter>
    <Filter Include="test\MoreUnitTest++">
      <UniqueIdentifier>{f225514f-8db6-405a-a84e-631d03abf1a2}</UniqueIdentifier>
    </Filter>
  </ItemGroup>
  <ItemGroup>
    <ClCompile Include="..\..\..\src\main.cpp">
      <Filter>src</Filter>
    </ClCompile>
    <ClCompile Include="..\..\..\test\TestVolume.cpp">
      <Filter>test</Filter>
    </ClCompile>
    <ClCompile Include="..\..\..\src\Volume.cpp">
      <Filter>src</Filter>
    </ClCompile>
  </ItemGroup>
  <ItemGroup>
    <ClInclude Include="..\..\..\include\Volume.h">
      <Filter>include</Filter>
    </ClInclude>
    <ClInclude Include="..\..\..\include\Platform.h">
      <Filter>include</Filter>
    </ClInclude>
    <ClInclude Include="..\..\..\test\MoreUnitTest++\MoreCheckMacros.h">
      <Filter>test\MoreUnitTest++</Filter>
    </ClInclude>
    <ClInclude Include="..\..\..\test\MoreUnitTest++\MoreChecks.h">
      <Filter>test\MoreUnitTest++</Filter>
    </ClInclude>
    <ClInclude Include="..\..\..\test\MoreUnitTest++\MoreUnitTest++.h">
      <Filter>test\MoreUnitTest++</Filter>
    </ClInclude>
  </ItemGroup>
</Project>