<?xml version="1.0" encoding="utf-8"?>
<Project ToolsVersion="4.0" xmlns="http://schemas.microsoft.com/developer/msbuild/2003">
  <ItemGroup>
    <Filter Include="include">
      <UniqueIdentifier>{4068885f-f2ad-4b0d-b770-7eea2c117255}</UniqueIdentifier>
    </Filter>
    <Filter Include="test">
      <UniqueIdentifier>{5fe61e0f-23d6-4b2f-abe8-3189c3178cd3}</UniqueIdentifier>
    </Filter>
    <Filter Include="src">
      <UniqueIdentifier>{428cee08-71ee-4eb2-a190-3a4b93f61ef5}</UniqueIdentifier>
    </Filter>
    <Filter Include="test\MoreUnitTest++">
      <UniqueIdentifier>{f225514f-8db6-405a-a84e-631d03abf1a2}</UniqueIdentifier>
    </Filter>
    <Filter Include="test\DataGen">
      <UniqueIdentifier>{a96bb1e3-e3fd-4783-8793-215f772146d2}</UniqueIdentifier>
    </Filter>
    <Filter Include="include\Math">
      <UniqueIdentifier>{5569f5b9-c902-426c-b346-9497d736b7f0}</UniqueIdentifier>
    </Filter>
    <Filter Include="src\Math">
      <UniqueIdentifier>{f895a2ca-7a3f-4b59-ab0f-02c8f06b3780}</UniqueIdentifier>
    </Filter>
    <Filter Include="include\Renderer">
      <UniqueIdentifier>{24730de3-a5bc-47c5-82b3-37bdaecdc421}</UniqueIdentifier>
    </Filter>
    <Filter Include="include\Renderer\Texture Mapping">
      <UniqueIdentifier>{105db148-5ca8-4457-b379-b0dbeaf1d596}</UniqueIdentifier>
    </Filter>
  </ItemGroup>
  <ItemGroup>
    <ClCompile Include="..\..\..\src\main.cpp">
      <Filter>src</Filter>
    </ClCompile>
    <ClCompile Include="..\..\..\test\TestVolume.cpp">
      <Filter>test</Filter>
    </ClCompile>
    <ClCompile Include="..\..\..\src\Volume.cpp">
      <Filter>src</Filter>
    </ClCompile>
    <ClCompile Include="..\..\..\test\TestTexMapVolumeRenderer.cpp">
      <Filter>test</Filter>
    </ClCompile>
    <ClCompile Include="..\..\..\test\TestingDataGenerator.cpp">
      <Filter>test\DataGen</Filter>
    </ClCompile>
    <ClCompile Include="..\..\..\src\Color.cpp">
      <Filter>src</Filter>
    </ClCompile>
    <ClCompile Include="..\..\..\test\TestAABB.cpp">
      <Filter>test</Filter>
    </ClCompile>
    <ClCompile Include="..\..\..\src\AABB.cpp">
      <Filter>src\Math</Filter>
    </ClCompile>
  </ItemGroup>
  <ItemGroup>
    <ClInclude Include="..\..\..\include\Volume.h">
      <Filter>include</Filter>
    </ClInclude>
    <ClInclude Include="..\..\..\include\Platform.h">
      <Filter>include</Filter>
    </ClInclude>
    <ClInclude Include="..\..\..\test\MoreUnitTest++\MoreCheckMacros.h">
      <Filter>test\MoreUnitTest++</Filter>
    </ClInclude>
    <ClInclude Include="..\..\..\test\MoreUnitTest++\MoreChecks.h">
      <Filter>test\MoreUnitTest++</Filter>
    </ClInclude>
    <ClInclude Include="..\..\..\test\MoreUnitTest++\MoreUnitTest++.h">
      <Filter>test\MoreUnitTest++</Filter>
    </ClInclude>
    <ClInclude Include="..\..\..\test\TestingDataGenerator.h">
      <Filter>test\DataGen</Filter>
    </ClInclude>
    <ClInclude Include="..\..\..\include\Color.h">
      <Filter>include</Filter>
    </ClInclude>
    <ClInclude Include="..\..\..\include\IndexOutOfBoundsException.h">
      <Filter>include</Filter>
    </ClInclude>
    <ClInclude Include="..\..\..\include\AABB.h">
      <Filter>include\Math</Filter>
    </ClInclude>
    <ClInclude Include="..\..\..\include\MathCommon.h">
      <Filter>include\Math</Filter>
    </ClInclude>
    <ClInclude Include="..\..\..\include\TexMapVolumeRendererNode.h">
      <Filter>include\Renderer\Texture Mapping</Filter>
    </ClInclude>
    <ClInclude Include="..\..\..\include\TexMapVolumeRenderer.h">
      <Filter>include\Renderer\Texture Mapping</Filter>
    </ClInclude>
    <ClInclude Include="..\..\..\include\VolumeRenderer.h">
      <Filter>include\Renderer</Filter>
    </ClInclude>
    <ClInclude Include="..\..\..\include\Node.h">
      <Filter>include\Renderer</Filter>
    </ClInclude>
  </ItemGroup>
</Project>